
Microsoft Visual Studio Solution File, Format Version 12.00
# Visual Studio Version 16
VisualStudioVersion = 16.0.32929.386
MinimumVisualStudioVersion = 10.0.40219.1
Project("{FAE04EC0-301F-11D3-BF4B-00C04F79EFBC}") = "Demo_Login", "Demo_Login\Demo_Login.csproj", "{13329F3E-A406-4C2C-8279-543DBB9F50D6}"
EndProject
Global
	GlobalSection(SolutionConfigurationPlatforms) = preSolution
		Debug|Any CPU = Debug|Any CPU
		Release|Any CPU = Release|Any CPU
	EndGlobalSection
	GlobalSection(ProjectConfigurationPlatforms) = postSolution
		{13329F3E-A406-4C2C-8279-543DBB9F50D6}.Debug|Any CPU.ActiveCfg = Debug|Any CPU
		{13329F3E-A406-4C2C-8279-543DBB9F50D6}.Debug|Any CPU.Build.0 = Debug|Any CPU
		{13329F3E-A406-4C2C-8279-543DBB9F50D6}.Release|Any CPU.ActiveCfg = Release|Any CPU
		{13329F3E-A406-4C2C-8279-543DBB9F50D6}.Release|Any CPU.Build.0 = Release|Any CPU
	EndGlobalSection
	GlobalSection(SolutionProperties) = preSolution
		HideSolutionNode = FALSE
	EndGlobalSection
	GlobalSection(ExtensibilityGlobals) = postSolution
		SolutionGuid = {673CA2CC-7E26-4434-AD1F-59CDC79C5F45}
	EndGlobalSection
EndGlobal
